{
  "name": "html-basics",
  "version": "1.0.0",
  "lockfileVersion": 1,
  "requires": true,
  "dependencies": {
    "vnu-jar": {
      "version": "17.11.1",
      "resolved": "https://registry.npmjs.org/vnu-jar/-/vnu-jar-17.11.1.tgz",
      "integrity": "sha512-GtlIJyyBQzVw4WCn5ZIsv/lRBqr02vHzr2RofljEURqsKy/CwUmVRjEJJL/d4nou5+B3rpaf3D1scAdQGOX1tA=="
    }
  }
}
